// !$*UTF8*$!
{
	archiveVersion = 1;
	classes = {
	};
	objectVersion = 50;
	objects = {

/* Begin PBXBuildFile section */
		EADFDCE727656C6C00284290 /* Meme.swift in Sources */ = {isa = PBXBuildFile; fileRef = EADFDCE627656C6C00284290 /* Meme.swift */; };
		EADFDCEC2765713B00284290 /* MemeTableViewController.swift in Sources */ = {isa = PBXBuildFile; fileRef = EADFDCEB2765713B00284290 /* MemeTableViewController.swift */; };
		EADFDCF12765715E00284290 /* MemeCollectionViewController.swift in Sources */ = {isa = PBXBuildFile; fileRef = EADFDCF02765715E00284290 /* MemeCollectionViewController.swift */; };
		EADFDCF62765718D00284290 /* MemeTableViewCell.swift in Sources */ = {isa = PBXBuildFile; fileRef = EADFDCF52765718D00284290 /* MemeTableViewCell.swift */; };
		EADFDCFB276571BD00284290 /* MemeCollectionViewCell.swift in Sources */ = {isa = PBXBuildFile; fileRef = EADFDCFA276571BD00284290 /* MemeCollectionViewCell.swift */; };
		EADFDD062767589400284290 /* DetailsViewController.swift in Sources */ = {isa = PBXBuildFile; fileRef = EADFDD052767589400284290 /* DetailsViewController.swift */; };
		EADFDD112767FADB00284290 /* Localizable.strings in Resources */ = {isa = PBXBuildFile; fileRef = EADFDD102767FADB00284290 /* Localizable.strings */; };
		EADFDD162767FC4800284290 /* LocalizableStrings.swift in Sources */ = {isa = PBXBuildFile; fileRef = EADFDD152767FC4800284290 /* LocalizableStrings.swift */; };
		EAF3F55A2756304F00BB3B54 /* AppDelegate.swift in Sources */ = {isa = PBXBuildFile; fileRef = EAF3F5592756304F00BB3B54 /* AppDelegate.swift */; };
		EAF3F55C2756304F00BB3B54 /* SceneDelegate.swift in Sources */ = {isa = PBXBuildFile; fileRef = EAF3F55B2756304F00BB3B54 /* SceneDelegate.swift */; };
		EAF3F55E2756304F00BB3B54 /* ViewController.swift in Sources */ = {isa = PBXBuildFile; fileRef = EAF3F55D2756304F00BB3B54 /* ViewController.swift */; };
		EAF3F5612756304F00BB3B54 /* Main.storyboard in Resources */ = {isa = PBXBuildFile; fileRef = EAF3F55F2756304F00BB3B54 /* Main.storyboard */; };
		EAF3F5632756305100BB3B54 /* Assets.xcassets in Resources */ = {isa = PBXBuildFile; fileRef = EAF3F5622756305100BB3B54 /* Assets.xcassets */; };
		EAF3F5662756305100BB3B54 /* LaunchScreen.storyboard in Resources */ = {isa = PBXBuildFile; fileRef = EAF3F5642756305100BB3B54 /* LaunchScreen.storyboard */; };
		EAF3F5712756305100BB3B54 /* MemeMe1_0Tests.swift in Sources */ = {isa = PBXBuildFile; fileRef = EAF3F5702756305100BB3B54 /* MemeMe1_0Tests.swift */; };
		EAF3F57C2756305100BB3B54 /* MemeMe1_0UITests.swift in Sources */ = {isa = PBXBuildFile; fileRef = EAF3F57B2756305100BB3B54 /* MemeMe1_0UITests.swift */; };
/* End PBXBuildFile section */

/* Begin PBXContainerItemProxy section */
		EAF3F56D2756305100BB3B54 /* PBXContainerItemProxy */ = {
			isa = PBXContainerItemProxy;
			containerPortal = EAF3F54E2756304F00BB3B54 /* Project object */;
			proxyType = 1;
			remoteGlobalIDString = EAF3F5552756304F00BB3B54;
			remoteInfo = MemeMe1.0;
		};
		EAF3F5782756305100BB3B54 /* PBXContainerItemProxy */ = {
			isa = PBXContainerItemProxy;
			containerPortal = EAF3F54E2756304F00BB3B54 /* Project object */;
			proxyType = 1;
			remoteGlobalIDString = EAF3F5552756304F00BB3B54;
			remoteInfo = MemeMe1.0;
		};
/* End PBXContainerItemProxy section */

/* Begin PBXFileReference section */
		EADFDCE627656C6C00284290 /* Meme.swift */ = {isa = PBXFileReference; lastKnownFileType = sourcecode.swift; path = Meme.swift; sourceTree = "<group>"; };
		EADFDCEB2765713B00284290 /* MemeTableViewController.swift */ = {isa = PBXFileReference; lastKnownFileType = sourcecode.swift; path = MemeTableViewController.swift; sourceTree = "<group>"; };
		EADFDCF02765715E00284290 /* MemeCollectionViewController.swift */ = {isa = PBXFileReference; lastKnownFileType = sourcecode.swift; path = MemeCollectionViewController.swift; sourceTree = "<group>"; };
		EADFDCF52765718D00284290 /* MemeTableViewCell.swift */ = {isa = PBXFileReference; lastKnownFileType = sourcecode.swift; path = MemeTableViewCell.swift; sourceTree = "<group>"; };
		EADFDCFA276571BD00284290 /* MemeCollectionViewCell.swift */ = {isa = PBXFileReference; lastKnownFileType = sourcecode.swift; path = MemeCollectionViewCell.swift; sourceTree = "<group>"; };
		EADFDD052767589400284290 /* DetailsViewController.swift */ = {isa = PBXFileReference; lastKnownFileType = sourcecode.swift; path = DetailsViewController.swift; sourceTree = "<group>"; };
		EADFDD102767FADB00284290 /* Localizable.strings */ = {isa = PBXFileReference; lastKnownFileType = text.plist.strings; path = Localizable.strings; sourceTree = "<group>"; };
		EADFDD152767FC4800284290 /* LocalizableStrings.swift */ = {isa = PBXFileReference; lastKnownFileType = sourcecode.swift; path = LocalizableStrings.swift; sourceTree = "<group>"; };
		EAF3F5562756304F00BB3B54 /* MemeMe1.0.app */ = {isa = PBXFileReference; explicitFileType = wrapper.application; includeInIndex = 0; path = MemeMe1.0.app; sourceTree = BUILT_PRODUCTS_DIR; };
		EAF3F5592756304F00BB3B54 /* AppDelegate.swift */ = {isa = PBXFileReference; lastKnownFileType = sourcecode.swift; path = AppDelegate.swift; sourceTree = "<group>"; };
		EAF3F55B2756304F00BB3B54 /* SceneDelegate.swift */ = {isa = PBXFileReference; lastKnownFileType = sourcecode.swift; path = SceneDelegate.swift; sourceTree = "<group>"; };
		EAF3F55D2756304F00BB3B54 /* ViewController.swift */ = {isa = PBXFileReference; lastKnownFileType = sourcecode.swift; path = ViewController.swift; sourceTree = "<group>"; };
		EAF3F5602756304F00BB3B54 /* Base */ = {isa = PBXFileReference; lastKnownFileType = file.storyboard; name = Base; path = Base.lproj/Main.storyboard; sourceTree = "<group>"; };
		EAF3F5622756305100BB3B54 /* Assets.xcassets */ = {isa = PBXFileReference; lastKnownFileType = folder.assetcatalog; path = Assets.xcassets; sourceTree = "<group>"; };
		EAF3F5652756305100BB3B54 /* Base */ = {isa = PBXFileReference; lastKnownFileType = file.storyboard; name = Base; path = Base.lproj/LaunchScreen.storyboard; sourceTree = "<group>"; };
		EAF3F5672756305100BB3B54 /* Info.plist */ = {isa = PBXFileReference; lastKnownFileType = text.plist.xml; path = Info.plist; sourceTree = "<group>"; };
		EAF3F56C2756305100BB3B54 /* MemeMe1.0Tests.xctest */ = {isa = PBXFileReference; explicitFileType = wrapper.cfbundle; includeInIndex = 0; path = MemeMe1.0Tests.xctest; sourceTree = BUILT_PRODUCTS_DIR; };
		EAF3F5702756305100BB3B54 /* MemeMe1_0Tests.swift */ = {isa = PBXFileReference; lastKnownFileType = sourcecode.swift; path = MemeMe1_0Tests.swift; sourceTree = "<group>"; };
		EAF3F5722756305100BB3B54 /* Info.plist */ = {isa = PBXFileReference; lastKnownFileType = text.plist.xml; path = Info.plist; sourceTree = "<group>"; };
		EAF3F5772756305100BB3B54 /* MemeMe1.0UITests.xctest */ = {isa = PBXFileReference; explicitFileType = wrapper.cfbundle; includeInIndex = 0; path = MemeMe1.0UITests.xctest; sourceTree = BUILT_PRODUCTS_DIR; };
		EAF3F57B2756305100BB3B54 /* MemeMe1_0UITests.swift */ = {isa = PBXFileReference; lastKnownFileType = sourcecode.swift; path = MemeMe1_0UITests.swift; sourceTree = "<group>"; };
		EAF3F57D2756305100BB3B54 /* Info.plist */ = {isa = PBXFileReference; lastKnownFileType = text.plist.xml; path = Info.plist; sourceTree = "<group>"; };
/* End PBXFileReference section */

/* Begin PBXFrameworksBuildPhase section */
		EAF3F5532756304F00BB3B54 /* Frameworks */ = {
			isa = PBXFrameworksBuildPhase;
			buildActionMask = 2147483647;
			files = (
			);
			runOnlyForDeploymentPostprocessing = 0;
		};
		EAF3F5692756305100BB3B54 /* Frameworks */ = {
			isa = PBXFrameworksBuildPhase;
			buildActionMask = 2147483647;
			files = (
			);
			runOnlyForDeploymentPostprocessing = 0;
		};
		EAF3F5742756305100BB3B54 /* Frameworks */ = {
			isa = PBXFrameworksBuildPhase;
			buildActionMask = 2147483647;
			files = (
			);
			runOnlyForDeploymentPostprocessing = 0;
		};
/* End PBXFrameworksBuildPhase section */

/* Begin PBXGroup section */
		EADFDD0A2767F8B800284290 /* Model */ = {
			isa = PBXGroup;
			children = (
				EADFDCE627656C6C00284290 /* Meme.swift */,
			);
			path = Model;
			sourceTree = "<group>";
		};
		EADFDD0B2767F8C000284290 /* View */ = {
			isa = PBXGroup;
			children = (
				EADFDCF52765718D00284290 /* MemeTableViewCell.swift */,
				EADFDCFA276571BD00284290 /* MemeCollectionViewCell.swift */,
			);
			path = View;
			sourceTree = "<group>";
		};
		EADFDD0C2767F8C800284290 /* Controller */ = {
			isa = PBXGroup;
			children = (
				EAF3F5642756305100BB3B54 /* LaunchScreen.storyboard */,
				EADFDCEB2765713B00284290 /* MemeTableViewController.swift */,
				EADFDCF02765715E00284290 /* MemeCollectionViewController.swift */,
				EAF3F5622756305100BB3B54 /* Assets.xcassets */,
				EAF3F55F2756304F00BB3B54 /* Main.storyboard */,
				EADFDD052767589400284290 /* DetailsViewController.swift */,
				EAF3F55D2756304F00BB3B54 /* ViewController.swift */,
				EAF3F55B2756304F00BB3B54 /* SceneDelegate.swift */,
				EAF3F5592756304F00BB3B54 /* AppDelegate.swift */,
				EADFDD152767FC4800284290 /* LocalizableStrings.swift */,
			);
			path = Controller;
			sourceTree = "<group>";
		};
		EAF3F54D2756304F00BB3B54 = {
			isa = PBXGroup;
			children = (
				EAF3F5582756304F00BB3B54 /* MemeMe1.0 */,
				EAF3F56F2756305100BB3B54 /* MemeMe1.0Tests */,
				EAF3F57A2756305100BB3B54 /* MemeMe1.0UITests */,
				EAF3F5572756304F00BB3B54 /* Products */,
			);
			sourceTree = "<group>";
		};
		EAF3F5572756304F00BB3B54 /* Products */ = {
			isa = PBXGroup;
			children = (
				EAF3F5562756304F00BB3B54 /* MemeMe1.0.app */,
				EAF3F56C2756305100BB3B54 /* MemeMe1.0Tests.xctest */,
				EAF3F5772756305100BB3B54 /* MemeMe1.0UITests.xctest */,
			);
			name = Products;
			sourceTree = "<group>";
		};
		EAF3F5582756304F00BB3B54 /* MemeMe1.0 */ = {
			isa = PBXGroup;
			children = (
				EADFDD0C2767F8C800284290 /* Controller */,
				EADFDD0B2767F8C000284290 /* View */,
				EADFDD0A2767F8B800284290 /* Model */,
				EAF3F5672756305100BB3B54 /* Info.plist */,
				EADFDD102767FADB00284290 /* Localizable.strings */,
			);
			path = MemeMe1.0;
			sourceTree = "<group>";
		};
		EAF3F56F2756305100BB3B54 /* MemeMe1.0Tests */ = {
			isa = PBXGroup;
			children = (
				EAF3F5702756305100BB3B54 /* MemeMe1_0Tests.swift */,
				EAF3F5722756305100BB3B54 /* Info.plist */,
			);
			path = MemeMe1.0Tests;
			sourceTree = "<group>";
		};
		EAF3F57A2756305100BB3B54 /* MemeMe1.0UITests */ = {
			isa = PBXGroup;
			children = (
				EAF3F57B2756305100BB3B54 /* MemeMe1_0UITests.swift */,
				EAF3F57D2756305100BB3B54 /* Info.plist */,
			);
			path = MemeMe1.0UITests;
			sourceTree = "<group>";
		};
/* End PBXGroup section */

/* Begin PBXNativeTarget section */
		EAF3F5552756304F00BB3B54 /* MemeMe1.0 */ = {
			isa = PBXNativeTarget;
			buildConfigurationList = EAF3F5802756305100BB3B54 /* Build configuration list for PBXNativeTarget "MemeMe1.0" */;
			buildPhases = (
				EAF3F5522756304F00BB3B54 /* Sources */,
				EAF3F5532756304F00BB3B54 /* Frameworks */,
				EAF3F5542756304F00BB3B54 /* Resources */,
			);
			buildRules = (
			);
			dependencies = (
			);
			name = MemeMe1.0;
			productName = MemeMe1.0;
			productReference = EAF3F5562756304F00BB3B54 /* MemeMe1.0.app */;
			productType = "com.apple.product-type.application";
		};
		EAF3F56B2756305100BB3B54 /* MemeMe1.0Tests */ = {
			isa = PBXNativeTarget;
			buildConfigurationList = EAF3F5832756305100BB3B54 /* Build configuration list for PBXNativeTarget "MemeMe1.0Tests" */;
			buildPhases = (
				EAF3F5682756305100BB3B54 /* Sources */,
				EAF3F5692756305100BB3B54 /* Frameworks */,
				EAF3F56A2756305100BB3B54 /* Resources */,
			);
			buildRules = (
			);
			dependencies = (
				EAF3F56E2756305100BB3B54 /* PBXTargetDependency */,
			);
			name = MemeMe1.0Tests;
			productName = MemeMe1.0Tests;
			productReference = EAF3F56C2756305100BB3B54 /* MemeMe1.0Tests.xctest */;
			productType = "com.apple.product-type.bundle.unit-test";
		};
		EAF3F5762756305100BB3B54 /* MemeMe1.0UITests */ = {
			isa = PBXNativeTarget;
			buildConfigurationList = EAF3F5862756305100BB3B54 /* Build configuration list for PBXNativeTarget "MemeMe1.0UITests" */;
			buildPhases = (
				EAF3F5732756305100BB3B54 /* Sources */,
				EAF3F5742756305100BB3B54 /* Frameworks */,
				EAF3F5752756305100BB3B54 /* Resources */,
			);
			buildRules = (
			);
			dependencies = (
				EAF3F5792756305100BB3B54 /* PBXTargetDependency */,
			);
			name = MemeMe1.0UITests;
			productName = MemeMe1.0UITests;
			productReference = EAF3F5772756305100BB3B54 /* MemeMe1.0UITests.xctest */;
			productType = "com.apple.product-type.bundle.ui-testing";
		};
/* End PBXNativeTarget section */

/* Begin PBXProject section */
		EAF3F54E2756304F00BB3B54 /* Project object */ = {
			isa = PBXProject;
			attributes = {
				LastSwiftUpdateCheck = 1210;
				LastUpgradeCheck = 1210;
				TargetAttributes = {
					EAF3F5552756304F00BB3B54 = {
						CreatedOnToolsVersion = 12.1;
					};
					EAF3F56B2756305100BB3B54 = {
						CreatedOnToolsVersion = 12.1;
						TestTargetID = EAF3F5552756304F00BB3B54;
					};
					EAF3F5762756305100BB3B54 = {
						CreatedOnToolsVersion = 12.1;
						TestTargetID = EAF3F5552756304F00BB3B54;
					};
				};
			};
			buildConfigurationList = EAF3F5512756304F00BB3B54 /* Build configuration list for PBXProject "MemeMe1.0" */;
			compatibilityVersion = "Xcode 9.3";
			developmentRegion = en;
			hasScannedForEncodings = 0;
			knownRegions = (
				en,
				Base,
			);
			mainGroup = EAF3F54D2756304F00BB3B54;
			productRefGroup = EAF3F5572756304F00BB3B54 /* Products */;
			projectDirPath = "";
			projectRoot = "";
			targets = (
				EAF3F5552756304F00BB3B54 /* MemeMe1.0 */,
				EAF3F56B2756305100BB3B54 /* MemeMe1.0Tests */,
				EAF3F5762756305100BB3B54 /* MemeMe1.0UITests */,
			);
		};
/* End PBXProject section */

/* Begin PBXResourcesBuildPhase section */
		EAF3F5542756304F00BB3B54 /* Resources */ = {
			isa = PBXResourcesBuildPhase;
			buildActionMask = 2147483647;
			files = (
				EAF3F5662756305100BB3B54 /* LaunchScreen.storyboard in Resources */,
				EADFDD112767FADB00284290 /* Localizable.strings in Resources */,
				EAF3F5632756305100BB3B54 /* Assets.xcassets in Resources */,
				EAF3F5612756304F00BB3B54 /* Main.storyboard in Resources */,
			);
			runOnlyForDeploymentPostprocessing = 0;
		};
		EAF3F56A2756305100BB3B54 /* Resources */ = {
			isa = PBXResourcesBuildPhase;
			buildActionMask = 2147483647;
			files = (
			);
			runOnlyForDeploymentPostprocessing = 0;
		};
		EAF3F5752756305100BB3B54 /* Resources */ = {
			isa = PBXResourcesBuildPhase;
			buildActionMask = 2147483647;
			files = (
			);
			runOnlyForDeploymentPostprocessing = 0;
		};
/* End PBXResourcesBuildPhase section */

/* Begin PBXSourcesBuildPhase section */
		EAF3F5522756304F00BB3B54 /* Sources */ = {
			isa = PBXSourcesBuildPhase;
			buildActionMask = 2147483647;
			files = (
				EAF3F55E2756304F00BB3B54 /* ViewController.swift in Sources */,
				EADFDCE727656C6C00284290 /* Meme.swift in Sources */,
				EADFDD062767589400284290 /* DetailsViewController.swift in Sources */,
				EADFDCFB276571BD00284290 /* MemeCollectionViewCell.swift in Sources */,
				EAF3F55A2756304F00BB3B54 /* AppDelegate.swift in Sources */,
				EADFDCEC2765713B00284290 /* MemeTableViewController.swift in Sources */,
				EADFDCF62765718D00284290 /* MemeTableViewCell.swift in Sources */,
				EADFDD162767FC4800284290 /* LocalizableStrings.swift in Sources */,
				EADFDCF12765715E00284290 /* MemeCollectionViewController.swift in Sources */,
				EAF3F55C2756304F00BB3B54 /* SceneDelegate.swift in Sources */,
			);
			runOnlyForDeploymentPostprocessing = 0;
		};
		EAF3F5682756305100BB3B54 /* Sources */ = {
			isa = PBXSourcesBuildPhase;
			buildActionMask = 2147483647;
			files = (
				EAF3F5712756305100BB3B54 /* MemeMe1_0Tests.swift in Sources */,
			);
			runOnlyForDeploymentPostprocessing = 0;
		};
		EAF3F5732756305100BB3B54 /* Sources */ = {
			isa = PBXSourcesBuildPhase;
			buildActionMask = 2147483647;
			files = (
				EAF3F57C2756305100BB3B54 /* MemeMe1_0UITests.swift in Sources */,
			);
			runOnlyForDeploymentPostprocessing = 0;
		};
/* End PBXSourcesBuildPhase section */

/* Begin PBXTargetDependency section */
		EAF3F56E2756305100BB3B54 /* PBXTargetDependency */ = {
			isa = PBXTargetDependency;
			target = EAF3F5552756304F00BB3B54 /* MemeMe1.0 */;
			targetProxy = EAF3F56D2756305100BB3B54 /* PBXContainerItemProxy */;
		};
		EAF3F5792756305100BB3B54 /* PBXTargetDependency */ = {
			isa = PBXTargetDependency;
			target = EAF3F5552756304F00BB3B54 /* MemeMe1.0 */;
			targetProxy = EAF3F5782756305100BB3B54 /* PBXContainerItemProxy */;
		};
/* End PBXTargetDependency section */

/* Begin PBXVariantGroup section */
		EAF3F55F2756304F00BB3B54 /* Main.storyboard */ = {
			isa = PBXVariantGroup;
			children = (
				EAF3F5602756304F00BB3B54 /* Base */,
			);
			name = Main.storyboard;
			sourceTree = "<group>";
		};
		EAF3F5642756305100BB3B54 /* LaunchScreen.storyboard */ = {
			isa = PBXVariantGroup;
			children = (
				EAF3F5652756305100BB3B54 /* Base */,
			);
			name = LaunchScreen.storyboard;
			sourceTree = "<group>";
		};
/* End PBXVariantGroup section */

/* Begin XCBuildConfiguration section */
		EAF3F57E2756305100BB3B54 /* Debug */ = {
			isa = XCBuildConfiguration;
			buildSettings = {
				ALWAYS_SEARCH_USER_PATHS = NO;
				CLANG_ANALYZER_NONNULL = YES;
				CLANG_ANALYZER_NUMBER_OBJECT_CONVERSION = YES_AGGRESSIVE;
				CLANG_CXX_LANGUAGE_STANDARD = "gnu++14";
				CLANG_CXX_LIBRARY = "libc++";
				CLANG_ENABLE_MODULES = YES;
				CLANG_ENABLE_OBJC_ARC = YES;
				CLANG_ENABLE_OBJC_WEAK = YES;
				CLANG_WARN_BLOCK_CAPTURE_AUTORELEASING = YES;
				CLANG_WARN_BOOL_CONVERSION = YES;
				CLANG_WARN_COMMA = YES;
				CLANG_WARN_CONSTANT_CONVERSION = YES;
				CLANG_WARN_DEPRECATED_OBJC_IMPLEMENTATIONS = YES;
				CLANG_WARN_DIRECT_OBJC_ISA_USAGE = YES_ERROR;
				CLANG_WARN_DOCUMENTATION_COMMENTS = YES;
				CLANG_WARN_EMPTY_BODY = YES;
				CLANG_WARN_ENUM_CONVERSION = YES;
				CLANG_WARN_INFINITE_RECURSION = YES;
				CLANG_WARN_INT_CONVERSION = YES;
				CLANG_WARN_NON_LITERAL_NULL_CONVERSION = YES;
				CLANG_WARN_OBJC_IMPLICIT_RETAIN_SELF = YES;
				CLANG_WARN_OBJC_LITERAL_CONVERSION = YES;
				CLANG_WARN_OBJC_ROOT_CLASS = YES_ERROR;
				CLANG_WARN_QUOTED_INCLUDE_IN_FRAMEWORK_HEADER = YES;
				CLANG_WARN_RANGE_LOOP_ANALYSIS = YES;
				CLANG_WARN_STRICT_PROTOTYPES = YES;
				CLANG_WARN_SUSPICIOUS_MOVE = YES;
				CLANG_WARN_UNGUARDED_AVAILABILITY = YES_AGGRESSIVE;
				CLANG_WARN_UNREACHABLE_CODE = YES;
				CLANG_WARN__DUPLICATE_METHOD_MATCH = YES;
				COPY_PHASE_STRIP = NO;
				DEBUG_INFORMATION_FORMAT = dwarf;
				ENABLE_STRICT_OBJC_MSGSEND = YES;
				ENABLE_TESTABILITY = YES;
				GCC_C_LANGUAGE_STANDARD = gnu11;
				GCC_DYNAMIC_NO_PIC = NO;
				GCC_NO_COMMON_BLOCKS = YES;
				GCC_OPTIMIZATION_LEVEL = 0;
				GCC_PREPROCESSOR_DEFINITIONS = (
					"DEBUG=1",
					"$(inherited)",
				);
				GCC_WARN_64_TO_32_BIT_CONVERSION = YES;
				GCC_WARN_ABOUT_RETURN_TYPE = YES_ERROR;
				GCC_WARN_UNDECLARED_SELECTOR = YES;
				GCC_WARN_UNINITIALIZED_AUTOS = YES_AGGRESSIVE;
				GCC_WARN_UNUSED_FUNCTION = YES;
				GCC_WARN_UNUSED_VARIABLE = YES;
				IPHONEOS_DEPLOYMENT_TARGET = 14.1;
				MTL_ENABLE_DEBUG_INFO = INCLUDE_SOURCE;
				MTL_FAST_MATH = YES;
				ONLY_ACTIVE_ARCH = YES;
				SDKROOT = iphoneos;
				SWIFT_ACTIVE_COMPILATION_CONDITIONS = DEBUG;
				SWIFT_OPTIMIZATION_LEVEL = "-Onone";
			};
			name = Debug;
		};
		EAF3F57F2756305100BB3B54 /* Release */ = {
			isa = XCBuildConfiguration;
			buildSettings = {
				ALWAYS_SEARCH_USER_PATHS = NO;
				CLANG_ANALYZER_NONNULL = YES;
				CLANG_ANALYZER_NUMBER_OBJECT_CONVERSION = YES_AGGRESSIVE;
				CLANG_CXX_LANGUAGE_STANDARD = "gnu++14";
				CLANG_CXX_LIBRARY = "libc++";
				CLANG_ENABLE_MODULES = YES;
				CLANG_ENABLE_OBJC_ARC = YES;
				CLANG_ENABLE_OBJC_WEAK = YES;
				CLANG_WARN_BLOCK_CAPTURE_AUTORELEASING = YES;
				CLANG_WARN_BOOL_CONVERSION = YES;
				CLANG_WARN_COMMA = YES;
				CLANG_WARN_CONSTANT_CONVERSION = YES;
				CLANG_WARN_DEPRECATED_OBJC_IMPLEMENTATIONS = YES;
				CLANG_WARN_DIRECT_OBJC_ISA_USAGE = YES_ERROR;
				CLANG_WARN_DOCUMENTATION_COMMENTS = YES;
				CLANG_WARN_EMPTY_BODY = YES;
				CLANG_WARN_ENUM_CONVERSION = YES;
				CLANG_WARN_INFINITE_RECURSION = YES;
				CLANG_WARN_INT_CONVERSION = YES;
				CLANG_WARN_NON_LITERAL_NULL_CONVERSION = YES;
				CLANG_WARN_OBJC_IMPLICIT_RETAIN_SELF = YES;
				CLANG_WARN_OBJC_LITERAL_CONVERSION = YES;
				CLANG_WARN_OBJC_ROOT_CLASS = YES_ERROR;
				CLANG_WARN_QUOTED_INCLUDE_IN_FRAMEWORK_HEADER = YES;
				CLANG_WARN_RANGE_LOOP_ANALYSIS = YES;
				CLANG_WARN_STRICT_PROTOTYPES = YES;
				CLANG_WARN_SUSPICIOUS_MOVE = YES;
				CLANG_WARN_UNGUARDED_AVAILABILITY = YES_AGGRESSIVE;
				CLANG_WARN_UNREACHABLE_CODE = YES;
				CLANG_WARN__DUPLICATE_METHOD_MATCH = YES;
				COPY_PHASE_STRIP = NO;
				DEBUG_INFORMATION_FORMAT = "dwarf-with-dsym";
				ENABLE_NS_ASSERTIONS = NO;
				ENABLE_STRICT_OBJC_MSGSEND = YES;
				GCC_C_LANGUAGE_STANDARD = gnu11;
				GCC_NO_COMMON_BLOCKS = YES;
				GCC_WARN_64_TO_32_BIT_CONVERSION = YES;
				GCC_WARN_ABOUT_RETURN_TYPE = YES_ERROR;
				GCC_WARN_UNDECLARED_SELECTOR = YES;
				GCC_WARN_UNINITIALIZED_AUTOS = YES_AGGRESSIVE;
				GCC_WARN_UNUSED_FUNCTION = YES;
				GCC_WARN_UNUSED_VARIABLE = YES;
				IPHONEOS_DEPLOYMENT_TARGET = 14.1;
				MTL_ENABLE_DEBUG_INFO = NO;
				MTL_FAST_MATH = YES;
				SDKROOT = iphoneos;
				SWIFT_COMPILATION_MODE = wholemodule;
				SWIFT_OPTIMIZATION_LEVEL = "-O";
				VALIDATE_PRODUCT = YES;
			};
			name = Release;
		};
		EAF3F5812756305100BB3B54 /* Debug */ = {
			isa = XCBuildConfiguration;
			buildSettings = {
				ASSETCATALOG_COMPILER_APPICON_NAME = AppIcon;
				ASSETCATALOG_COMPILER_GLOBAL_ACCENT_COLOR_NAME = AccentColor;
				CODE_SIGN_STYLE = Automatic;
				DEVELOPMENT_TEAM = 5EEQXBZ866;
				INFOPLIST_FILE = MemeMe1.0/Info.plist;
				LD_RUNPATH_SEARCH_PATHS = (
					"$(inherited)",
					"@executable_path/Frameworks",
				);
				PRODUCT_BUNDLE_IDENTIFIER = "com.mayu.ue.MemeMe1-0";
				PRODUCT_NAME = "$(TARGET_NAME)";
				SWIFT_VERSION = 5.0;
				TARGETED_DEVICE_FAMILY = "1,2";
			};
			name = Debug;
		};
		EAF3F5822756305100BB3B54 /* Release */ = {
			isa = XCBuildConfiguration;
			buildSettings = {
				ASSETCATALOG_COMPILER_APPICON_NAME = AppIcon;
				ASSETCATALOG_COMPILER_GLOBAL_ACCENT_COLOR_NAME = AccentColor;
				CODE_SIGN_STYLE = Automatic;
				DEVELOPMENT_TEAM = 5EEQXBZ866;
				INFOPLIST_FILE = MemeMe1.0/Info.plist;
				LD_RUNPATH_SEARCH_PATHS = (
					"$(inherited)",
					"@executable_path/Frameworks",
				);
				PRODUCT_BUNDLE_IDENTIFIER = "com.mayu.ue.MemeMe1-0";
				PRODUCT_NAME = "$(TARGET_NAME)";
				SWIFT_VERSION = 5.0;
				TARGETED_DEVICE_FAMILY = "1,2";
			};
			name = Release;
		};
		EAF3F5842756305100BB3B54 /* Debug */ = {
			isa = XCBuildConfiguration;
			buildSettings = {
				ALWAYS_EMBED_SWIFT_STANDARD_LIBRARIES = YES;
				BUNDLE_LOADER = "$(TEST_HOST)";
				CODE_SIGN_STYLE = Automatic;
				DEVELOPMENT_TEAM = 5EEQXBZ866;
				INFOPLIST_FILE = MemeMe1.0Tests/Info.plist;
				IPHONEOS_DEPLOYMENT_TARGET = 14.1;
				LD_RUNPATH_SEARCH_PATHS = (
					"$(inherited)",
					"@executable_path/Frameworks",
					"@loader_path/Frameworks",
				);
				PRODUCT_BUNDLE_IDENTIFIER = "com.mayu.ue.MemeMe1-0Tests";
				PRODUCT_NAME = "$(TARGET_NAME)";
				SWIFT_VERSION = 5.0;
				TARGETED_DEVICE_FAMILY = "1,2";
				TEST_HOST = "$(BUILT_PRODUCTS_DIR)/MemeMe1.0.app/MemeMe1.0";
			};
			name = Debug;
		};
		EAF3F5852756305100BB3B54 /* Release */ = {
			isa = XCBuildConfiguration;
			buildSettings = {
				ALWAYS_EMBED_SWIFT_STANDARD_LIBRARIES = YES;
				BUNDLE_LOADER = "$(TEST_HOST)";
				CODE_SIGN_STYLE = Automatic;
				DEVELOPMENT_TEAM = 5EEQXBZ866;
				INFOPLIST_FILE = MemeMe1.0Tests/Info.plist;
				IPHONEOS_DEPLOYMENT_TARGET = 14.1;
				LD_RUNPATH_SEARCH_PATHS = (
					"$(inherited)",
					"@executable_path/Frameworks",
					"@loader_path/Frameworks",
				);
				PRODUCT_BUNDLE_IDENTIFIER = "com.mayu.ue.MemeMe1-0Tests";
				PRODUCT_NAME = "$(TARGET_NAME)";
				SWIFT_VERSION = 5.0;
				TARGETED_DEVICE_FAMILY = "1,2";
				TEST_HOST = "$(BUILT_PRODUCTS_DIR)/MemeMe1.0.app/MemeMe1.0";
			};
			name = Release;
		};
		EAF3F5872756305100BB3B54 /* Debug */ = {
			isa = XCBuildConfiguration;
			buildSettings = {
				ALWAYS_EMBED_SWIFT_STANDARD_LIBRARIES = YES;
				CODE_SIGN_STYLE = Automatic;
				DEVELOPMENT_TEAM = 5EEQXBZ866;
				INFOPLIST_FILE = MemeMe1.0UITests/Info.plist;
				LD_RUNPATH_SEARCH_PATHS = (
					"$(inherited)",
					"@executable_path/Frameworks",
					"@loader_path/Frameworks",
				);
				PRODUCT_BUNDLE_IDENTIFIER = "com.mayu.ue.MemeMe1-0UITests";
				PRODUCT_NAME = "$(TARGET_NAME)";
				SWIFT_VERSION = 5.0;
				TARGETED_DEVICE_FAMILY = "1,2";
				TEST_TARGET_NAME = MemeMe1.0;
			};
			name = Debug;
		};
		EAF3F5882756305100BB3B54 /* Release */ = {
			isa = XCBuildConfiguration;
			buildSettings = {
				ALWAYS_EMBED_SWIFT_STANDARD_LIBRARIES = YES;
				CODE_SIGN_STYLE = Automatic;
				DEVELOPMENT_TEAM = 5EEQXBZ866;
				INFOPLIST_FILE = MemeMe1.0UITests/Info.plist;
				LD_RUNPATH_SEARCH_PATHS = (
					"$(inherited)",
					"@executable_path/Frameworks",
					"@loader_path/Frameworks",
				);
				PRODUCT_BUNDLE_IDENTIFIER = "com.mayu.ue.MemeMe1-0UITests";
				PRODUCT_NAME = "$(TARGET_NAME)";
				SWIFT_VERSION = 5.0;
				TARGETED_DEVICE_FAMILY = "1,2";
				TEST_TARGET_NAME = MemeMe1.0;
			};
			name = Release;
		};
/* End XCBuildConfiguration section */

/* Begin XCConfigurationList section */
		EAF3F5512756304F00BB3B54 /* Build configuration list for PBXProject "MemeMe1.0" */ = {
			isa = XCConfigurationList;
			buildConfigurations = (
				EAF3F57E2756305100BB3B54 /* Debug */,
				EAF3F57F2756305100BB3B54 /* Release */,
			);
			defaultConfigurationIsVisible = 0;
			defaultConfigurationName = Release;
		};
		EAF3F5802756305100BB3B54 /* Build configuration list for PBXNativeTarget "MemeMe1.0" */ = {
			isa = XCConfigurationList;
			buildConfigurations = (
				EAF3F5812756305100BB3B54 /* Debug */,
				EAF3F5822756305100BB3B54 /* Release */,
			);
			defaultConfigurationIsVisible = 0;
			defaultConfigurationName = Release;
		};
		EAF3F5832756305100BB3B54 /* Build configuration list for PBXNativeTarget "MemeMe1.0Tests" */ = {
			isa = XCConfigurationList;
			buildConfigurations = (
				EAF3F5842756305100BB3B54 /* Debug */,
				EAF3F5852756305100BB3B54 /* Release */,
			);
			defaultConfigurationIsVisible = 0;
			defaultConfigurationName = Release;
		};
		EAF3F5862756305100BB3B54 /* Build configuration list for PBXNativeTarget "MemeMe1.0UITests" */ = {
			isa = XCConfigurationList;
			buildConfigurations = (
				EAF3F5872756305100BB3B54 /* Debug */,
				EAF3F5882756305100BB3B54 /* Release */,
			);
			defaultConfigurationIsVisible = 0;
			defaultConfigurationName = Release;
		};
/* End XCConfigurationList section */
	};
	rootObject = EAF3F54E2756304F00BB3B54 /* Project object */;
}
